<?xml version="1.0" encoding="utf-8"?>
<Project ToolsVersion="4.0" xmlns="http://schemas.microsoft.com/developer/msbuild/2003">
  <ItemGroup>
    <Filter Include="APP">
      <UniqueIdentifier>{f08534b5-dd6c-46d0-947e-ac7e22526d9f}</UniqueIdentifier>
    </Filter>
    <Filter Include="BaseControl">
      <UniqueIdentifier>{7dbce6e4-bd2f-4f4c-8408-7ca31ff5ab76}</UniqueIdentifier>
    </Filter>
    <Filter Include="DockBar">
      <UniqueIdentifier>{9f0e974b-8a27-44ee-8834-350a603f2c25}</UniqueIdentifier>
    </Filter>
    <Filter Include="Header">
      <UniqueIdentifier>{6aa2d144-96d9-4bc7-a5ce-7c5d34fa8ab7}</UniqueIdentifier>
    </Filter>
    <Filter Include="OverLay">
      <UniqueIdentifier>{5a52266f-7fae-438d-acca-8eda82920cc2}</UniqueIdentifier>
    </Filter>
    <Filter Include="OverLay\OverlayFile">
      <UniqueIdentifier>{3f83fb54-d804-4c01-90de-983761bebf2a}</UniqueIdentifier>
    </Filter>
    <Filter Include="Shape">
      <UniqueIdentifier>{1868bb89-504c-4f5d-b17d-343ab8baa5f8}</UniqueIdentifier>
    </Filter>
    <Filter Include="Source">
      <UniqueIdentifier>{740bcd10-efc1-4b31-b7ea-43154281a92a}</UniqueIdentifier>
    </Filter>
    <Filter Include="Resource">
      <UniqueIdentifier>{67DA6AB6-F800-4c08-8B7A-83BB121AAD01}</UniqueIdentifier>
      <Extensions>rc;ico;cur;bmp;dlg;rc2;rct;bin;rgs;gif;jpg;jpeg;jpe;resx;tiff;tif;png;wav;mfcribbon-ms</Extensions>
    </Filter>
  </ItemGroup>
  <ItemGroup>
    <ClInclude Include="Dbf.h">
      <Filter>Shape</Filter>
    </ClInclude>
    <ClInclude Include="Shp.h">
      <Filter>Shape</Filter>
    </ClInclude>
    <ClInclude Include="shpCommon.h">
      <Filter>Shape</Filter>
    </ClInclude>
    <ClInclude Include="shpDBF.h">
      <Filter>Shape</Filter>
    </ClInclude>
    <ClInclude Include="ShpMgr.h">
      <Filter>Shape</Filter>
    </ClInclude>
    <ClInclude Include="shpMultiPoint.h">
      <Filter>Shape</Filter>
    </ClInclude>
    <ClInclude Include="shpObject.h">
      <Filter>Shape</Filter>
    </ClInclude>
    <ClInclude Include="shpPoint.h">
      <Filter>Shape</Filter>
    </ClInclude>
    <ClInclude Include="shpPoly.h">
      <Filter>Shape</Filter>
    </ClInclude>
    <ClInclude Include="shpPolygon.h">
      <Filter>Shape</Filter>
    </ClInclude>
    <ClInclude Include="IndexMapWnd.h">
      <Filter>DockBar</Filter>
    </ClInclude>
    <ClInclude Include="ItemView.h">
      <Filter>DockBar</Filter>
    </ClInclude>
    <ClInclude Include="LayerView.h">
      <Filter>DockBar</Filter>
    </ClInclude>
    <ClInclude Include="MapObjectManager.h">
      <Filter>DockBar</Filter>
    </ClInclude>
    <ClInclude Include="MapObjectOrderList.h">
      <Filter>DockBar</Filter>
    </ClInclude>
    <ClInclude Include="MapObjectViewTree.h">
      <Filter>DockBar</Filter>
    </ClInclude>
    <ClInclude Include="MapPropertiesWnd.h">
      <Filter>DockBar</Filter>
    </ClInclude>
    <ClInclude Include="OutputLogList.h">
      <Filter>DockBar</Filter>
    </ClInclude>
    <ClInclude Include="OutputSearchList.h">
      <Filter>DockBar</Filter>
    </ClInclude>
    <ClInclude Include="OutputWnd.h">
      <Filter>DockBar</Filter>
    </ClInclude>
    <ClInclude Include="PropertiesWnd.h">
      <Filter>DockBar</Filter>
    </ClInclude>
    <ClInclude Include="TypeView.h">
      <Filter>DockBar</Filter>
    </ClInclude>
    <ClInclude Include="ViewList.h">
      <Filter>DockBar</Filter>
    </ClInclude>
    <ClInclude Include="ViewTree.h">
      <Filter>DockBar</Filter>
    </ClInclude>
    <ClInclude Include="C4IMap.h">
      <Filter>APP</Filter>
    </ClInclude>
    <ClInclude Include="C4IMapDoc.h">
      <Filter>APP</Filter>
    </ClInclude>
    <ClInclude Include="C4IMapView.h">
      <Filter>APP</Filter>
    </ClInclude>
    <ClInclude Include="C4IMapViewHeader.h">
      <Filter>APP</Filter>
    </ClInclude>
    <ClInclude Include="ComDefStringValue.h">
      <Filter>APP</Filter>
    </ClInclude>
    <ClInclude Include="framework.h">
      <Filter>APP</Filter>
    </ClInclude>
    <ClInclude Include="MainFrm.h">
      <Filter>APP</Filter>
    </ClInclude>
    <ClInclude Include="pch.h">
      <Filter>APP</Filter>
    </ClInclude>
    <ClInclude Include="Resource.h">
      <Filter>APP</Filter>
    </ClInclude>
    <ClInclude Include="targetver.h">
      <Filter>APP</Filter>
    </ClInclude>
    <ClInclude Include="CaptureWindow.h">
      <Filter>Header</Filter>
    </ClInclude>
    <ClInclude Include="DIBSectionLite.h">
      <Filter>Header</Filter>
    </ClInclude>
    <ClInclude Include="DisplayElement.h">
      <Filter>Header</Filter>
    </ClInclude>
    <ClInclude Include="FileFinder.h">
      <Filter>Header</Filter>
    </ClInclude>
    <ClInclude Include="FilePath.h">
      <Filter>Header</Filter>
    </ClInclude>
    <ClInclude Include="Flags.h">
      <Filter>Header</Filter>
    </ClInclude>
    <ClInclude Include="GColorData.h">
      <Filter>Header</Filter>
    </ClInclude>
    <ClInclude Include="GEnvVar.h">
      <Filter>Header</Filter>
    </ClInclude>
    <ClInclude Include="GFileUtil.h">
      <Filter>Header</Filter>
    </ClInclude>
    <ClInclude Include="GLib.h">
      <Filter>Header</Filter>
    </ClInclude>
    <ClInclude Include="GlobalInfo.h">
      <Filter>Header</Filter>
    </ClInclude>
    <ClInclude Include="GMapInfo.h">
      <Filter>Header</Filter>
    </ClInclude>
    <ClInclude Include="GMapLib.h">
      <Filter>Header</Filter>
    </ClInclude>
    <ClInclude Include="GStatusFlag.h">
      <Filter>Header</Filter>
    </ClInclude>
    <ClInclude Include="GViewInfo.h">
      <Filter>Header</Filter>
    </ClInclude>
    <ClInclude Include="Ini.h">
      <Filter>Header</Filter>
    </ClInclude>
    <ClInclude Include="Initiator.h">
      <Filter>Header</Filter>
    </ClInclude>
    <ClInclude Include="io.hpp">
      <Filter>Header</Filter>
    </ClInclude>
    <ClInclude Include="MapConfigMgr.h">
      <Filter>Header</Filter>
    </ClInclude>
    <ClInclude Include="MapDataMgr.h">
      <Filter>Header</Filter>
    </ClInclude>
    <ClInclude Include="MapGeneratorDlg.h">
      <Filter>Header</Filter>
    </ClInclude>
    <ClInclude Include="MessageDefine.h">
      <Filter>Header</Filter>
    </ClInclude>
    <ClInclude Include="PathFile.h">
      <Filter>Header</Filter>
    </ClInclude>
    <ClInclude Include="PointDisplay.h">
      <Filter>Header</Filter>
    </ClInclude>
    <ClInclude Include="pointStruct.h">
      <Filter>Header</Filter>
    </ClInclude>
    <ClInclude Include="RasterMgr.h">
      <Filter>Header</Filter>
    </ClInclude>
    <ClInclude Include="SafeQueue.h">
      <Filter>Header</Filter>
    </ClInclude>
    <ClInclude Include="TmsMgr.h">
      <Filter>Header</Filter>
    </ClInclude>
    <ClInclude Include="XMLControl.h">
      <Filter>Header</Filter>
    </ClInclude>
    <ClInclude Include="GlobalVar.h">
      <Filter>APP</Filter>
    </ClInclude>
    <ClInclude Include="ShapeT.h">
      <Filter>Header</Filter>
    </ClInclude>
    <ClInclude Include="OverlayFileMgr\OverlayFileHeader.h">
      <Filter>OverLay\OverlayFile</Filter>
    </ClInclude>
    <ClInclude Include="OverlayFileMgr\OverlayFileMgr.h">
      <Filter>OverLay\OverlayFile</Filter>
    </ClInclude>
    <ClInclude Include="OverlayFileMgr\OverlayFileRecordCommon.h">
      <Filter>OverLay\OverlayFile</Filter>
    </ClInclude>
    <ClInclude Include="OverlayFileMgr\OverlayFileRecordHeader.h">
      <Filter>OverLay\OverlayFile</Filter>
    </ClInclude>
    <ClInclude Include="OverlayFileMgr\OverlayFileRecordImage.h">
      <Filter>OverLay\OverlayFile</Filter>
    </ClInclude>
    <ClInclude Include="OverlayFileMgr\OverlayFileRecordText.h">
      <Filter>OverLay\OverlayFile</Filter>
    </ClInclude>
    <ClInclude Include="ObjectProp.h">
      <Filter>OverLay</Filter>
    </ClInclude>
    <ClInclude Include="ObjectThread.h">
      <Filter>OverLay</Filter>
    </ClInclude>
    <ClInclude Include="OverlayMain.h">
      <Filter>OverLay</Filter>
    </ClInclude>
    <ClInclude Include="OverlayView.h">
      <Filter>OverLay</Filter>
    </ClInclude>
    <ClInclude Include="DlgObjectList.h">
      <Filter>OverLay</Filter>
    </ClInclude>
    <ClInclude Include="DlgOverlayControler.h">
      <Filter>OverLay</Filter>
    </ClInclude>
    <ClInclude Include="DlgOverlayEditObject.h">
      <Filter>OverLay</Filter>
    </ClInclude>
    <ClInclude Include="DlgOverlayEidtObjectPoint.h">
      <Filter>OverLay</Filter>
    </ClInclude>
    <ClInclude Include="DlgOverlayProperty.h">
      <Filter>OverLay</Filter>
    </ClInclude>
    <ClInclude Include="DlgOverlayTextEdit.h">
      <Filter>OverLay</Filter>
    </ClInclude>
    <ClInclude Include="LayerManager.h">
      <Filter>OverLay</Filter>
    </ClInclude>
    <ClInclude Include="LayerStructure.h">
      <Filter>OverLay</Filter>
    </ClInclude>
    <ClInclude Include="ItemList.h">
      <Filter>OverLay</Filter>
    </ClInclude>
    <ClInclude Include="IndexMapView.h">
      <Filter>DockBar</Filter>
    </ClInclude>
    <ClInclude Include="control\BCMenu.h">
      <Filter>BaseControl</Filter>
    </ClInclude>
    <ClInclude Include="control\BtnST.h">
      <Filter>BaseControl</Filter>
    </ClInclude>
    <ClInclude Include="control\CeXDib.h">
      <Filter>BaseControl</Filter>
    </ClInclude>
    <ClInclude Include="control\ShadeButtonST.h">
      <Filter>BaseControl</Filter>
    </ClInclude>
    <ClInclude Include="control\ColorPicker.h">
      <Filter>BaseControl</Filter>
    </ClInclude>
    <ClInclude Include="control\ColorPopup.h">
      <Filter>BaseControl</Filter>
    </ClInclude>
  </ItemGroup>
  <ItemGroup>
    <ClCompile Include="C4IMap.cpp">
      <Filter>APP</Filter>
    </ClCompile>
    <ClCompile Include="C4IMapDoc.cpp">
      <Filter>APP</Filter>
    </ClCompile>
    <ClCompile Include="C4IMapView.cpp">
      <Filter>APP</Filter>
    </ClCompile>
    <ClCompile Include="MainFrm.cpp">
      <Filter>APP</Filter>
    </ClCompile>
    <ClCompile Include="pch.cpp">
      <Filter>APP</Filter>
    </ClCompile>
    <ClCompile Include="Shp.cpp">
      <Filter>Shape</Filter>
    </ClCompile>
    <ClCompile Include="shpDBF.cpp">
      <Filter>Shape</Filter>
    </ClCompile>
    <ClCompile Include="ShpMgr.cpp">
      <Filter>Shape</Filter>
    </ClCompile>
    <ClCompile Include="shpMultiPoint.cpp">
      <Filter>Shape</Filter>
    </ClCompile>
    <ClCompile Include="shpObject.cpp">
      <Filter>Shape</Filter>
    </ClCompile>
    <ClCompile Include="shpPoint.cpp">
      <Filter>Shape</Filter>
    </ClCompile>
    <ClCompile Include="shpPoly.cpp">
      <Filter>Shape</Filter>
    </ClCompile>
    <ClCompile Include="shpPolygon.cpp">
      <Filter>Shape</Filter>
    </ClCompile>
    <ClCompile Include="Dbf.cpp">
      <Filter>Shape</Filter>
    </ClCompile>
    <ClCompile Include="C4IMapView_Draw.cpp">
      <Filter>APP</Filter>
    </ClCompile>
    <ClCompile Include="C4IMapView_Etc.cpp">
      <Filter>APP</Filter>
    </ClCompile>
    <ClCompile Include="C4IMapView_Init.cpp">
      <Filter>APP</Filter>
    </ClCompile>
    <ClCompile Include="C4IMapView_Menu.cpp">
      <Filter>APP</Filter>
    </ClCompile>
    <ClCompile Include="C4IMapView_MouseEvent.cpp">
      <Filter>APP</Filter>
    </ClCompile>
    <ClCompile Include="C4IMapView_Hitest.cpp">
      <Filter>APP</Filter>
    </ClCompile>
    <ClCompile Include="ViewList.cpp">
      <Filter>DockBar</Filter>
    </ClCompile>
    <ClCompile Include="TypeView.cpp">
      <Filter>DockBar</Filter>
    </ClCompile>
    <ClCompile Include="LayerView.cpp">
      <Filter>DockBar</Filter>
    </ClCompile>
    <ClCompile Include="ViewTree.cpp">
      <Filter>DockBar</Filter>
    </ClCompile>
    <ClCompile Include="ItemView.cpp">
      <Filter>DockBar</Filter>
    </ClCompile>
    <ClCompile Include="OutputLogList.cpp">
      <Filter>DockBar</Filter>
    </ClCompile>
    <ClCompile Include="OutputSearchList.cpp">
      <Filter>DockBar</Filter>
    </ClCompile>
    <ClCompile Include="IndexMapWnd.cpp">
      <Filter>DockBar</Filter>
    </ClCompile>
    <ClCompile Include="IndexMapView.cpp">
      <Filter>DockBar</Filter>
    </ClCompile>
    <ClCompile Include="MapObjectManager.cpp">
      <Filter>DockBar</Filter>
    </ClCompile>
    <ClCompile Include="MapObjectOrderList.cpp">
      <Filter>DockBar</Filter>
    </ClCompile>
    <ClCompile Include="MapObjectViewTree.cpp">
      <Filter>DockBar</Filter>
    </ClCompile>
    <ClCompile Include="MapPropertiesWnd.cpp">
      <Filter>DockBar</Filter>
    </ClCompile>
    <ClCompile Include="PropertiesWnd.cpp">
      <Filter>DockBar</Filter>
    </ClCompile>
    <ClCompile Include="OutputWnd.cpp">
      <Filter>DockBar</Filter>
    </ClCompile>
    <ClCompile Include="XMLControl.cpp">
      <Filter>Header</Filter>
    </ClCompile>
    <ClCompile Include="CaptureWindow.cpp">
      <Filter>Source</Filter>
    </ClCompile>
    <ClCompile Include="DIBSectionLite.cpp">
      <Filter>Source</Filter>
    </ClCompile>
    <ClCompile Include="FileFinder.cpp">
      <Filter>Source</Filter>
    </ClCompile>
    <ClCompile Include="FilePath.cpp">
      <Filter>Source</Filter>
    </ClCompile>
    <ClCompile Include="GColorData.cpp">
      <Filter>Source</Filter>
    </ClCompile>
    <ClCompile Include="GEnvVar.cpp">
      <Filter>Source</Filter>
    </ClCompile>
    <ClCompile Include="GFileUtil.cpp">
      <Filter>Source</Filter>
    </ClCompile>
    <ClCompile Include="GLib.cpp">
      <Filter>Source</Filter>
    </ClCompile>
    <ClCompile Include="GLibColor.cpp">
      <Filter>Source</Filter>
    </ClCompile>
    <ClCompile Include="GLibRes.cpp">
      <Filter>Source</Filter>
    </ClCompile>
    <ClCompile Include="GMapInfo.cpp">
      <Filter>Source</Filter>
    </ClCompile>
    <ClCompile Include="GMapLib.cpp">
      <Filter>Source</Filter>
    </ClCompile>
    <ClCompile Include="..\inc\GPoint.cpp">
      <Filter>Source</Filter>
    </ClCompile>
    <ClCompile Include="GStatusFlag.cpp">
      <Filter>Source</Filter>
    </ClCompile>
    <ClCompile Include="GViewInfo.cpp">
      <Filter>Source</Filter>
    </ClCompile>
    <ClCompile Include="Ini.cpp">
      <Filter>Source</Filter>
    </ClCompile>
    <ClCompile Include="Initiator.cpp">
      <Filter>Source</Filter>
    </ClCompile>
    <ClCompile Include="io.cpp">
      <Filter>Source</Filter>
    </ClCompile>
    <ClCompile Include="MapConfigMgr.cpp">
      <Filter>Source</Filter>
    </ClCompile>
    <ClCompile Include="MapDataMgr.cpp">
      <Filter>Source</Filter>
    </ClCompile>
    <ClCompile Include="MapGeneratorDlg.cpp">
      <Filter>Source</Filter>
    </ClCompile>
    <ClCompile Include="Markup.cpp">
      <Filter>Source</Filter>
    </ClCompile>
    <ClCompile Include="PathFile.cpp">
      <Filter>Source</Filter>
    </ClCompile>
    <ClCompile Include="PointDisplay.cpp">
      <Filter>Source</Filter>
    </ClCompile>
    <ClCompile Include="RasterMgr.cpp">
      <Filter>Source</Filter>
    </ClCompile>
    <ClCompile Include="SafeQueue.cpp">
      <Filter>Source</Filter>
    </ClCompile>
    <ClCompile Include="TmsMgr.cpp">
      <Filter>Source</Filter>
    </ClCompile>
    <ClCompile Include="ShapeT.cpp">
      <Filter>Source</Filter>
    </ClCompile>
    <ClCompile Include="OverlayFileMgr\OverlayFileHeader.cpp">
      <Filter>OverLay\OverlayFile</Filter>
    </ClCompile>
    <ClCompile Include="OverlayFileMgr\OverlayFileMgr.cpp">
      <Filter>OverLay\OverlayFile</Filter>
    </ClCompile>
    <ClCompile Include="OverlayFileMgr\OverlayFileRecordCommon.cpp">
      <Filter>OverLay\OverlayFile</Filter>
    </ClCompile>
    <ClCompile Include="OverlayFileMgr\OverlayFileRecordHeader.cpp">
      <Filter>OverLay\OverlayFile</Filter>
    </ClCompile>
    <ClCompile Include="OverlayFileMgr\OverlayFileRecordImage.cpp">
      <Filter>OverLay\OverlayFile</Filter>
    </ClCompile>
    <ClCompile Include="OverlayFileMgr\OverlayFileRecordText.cpp">
      <Filter>OverLay\OverlayFile</Filter>
    </ClCompile>
    <ClCompile Include="ObjectProp.cpp">
      <Filter>OverLay</Filter>
    </ClCompile>
    <ClCompile Include="ObjectThread.cpp">
      <Filter>OverLay</Filter>
    </ClCompile>
    <ClCompile Include="OverlayMain.cpp">
      <Filter>OverLay</Filter>
    </ClCompile>
    <ClCompile Include="OverlayView.cpp">
      <Filter>OverLay</Filter>
    </ClCompile>
    <ClCompile Include="DlgObjectList.cpp">
      <Filter>OverLay</Filter>
    </ClCompile>
    <ClCompile Include="DlgOverlayControler.cpp">
      <Filter>OverLay</Filter>
    </ClCompile>
    <ClCompile Include="DlgOverlayEditObject.cpp">
      <Filter>OverLay</Filter>
    </ClCompile>
    <ClCompile Include="DlgOverlayEidtObjectPoint.cpp">
      <Filter>OverLay</Filter>
    </ClCompile>
    <ClCompile Include="DlgOverlayProperty.cpp">
      <Filter>OverLay</Filter>
    </ClCompile>
    <ClCompile Include="DlgOverlayTextEdit.cpp">
      <Filter>OverLay</Filter>
    </ClCompile>
    <ClCompile Include="C4IMapView_Overlay.cpp">
      <Filter>APP</Filter>
    </ClCompile>
    <ClCompile Include="LayerManager.cpp">
      <Filter>OverLay</Filter>
    </ClCompile>
    <ClCompile Include="LayerStructure.cpp">
      <Filter>OverLay</Filter>
    </ClCompile>
    <ClCompile Include="control\BCMenu.cpp">
      <Filter>BaseControl</Filter>
    </ClCompile>
    <ClCompile Include="control\BtnST.cpp">
      <Filter>BaseControl</Filter>
    </ClCompile>
    <ClCompile Include="control\CeXDib.cpp">
      <Filter>BaseControl</Filter>
    </ClCompile>
    <ClCompile Include="control\ShadeButtonST.cpp">
      <Filter>BaseControl</Filter>
    </ClCompile>
    <ClCompile Include="control\ColorPicker.cpp">
      <Filter>BaseControl</Filter>
    </ClCompile>
    <ClCompile Include="control\ColorPopup.cpp">
      <Filter>BaseControl</Filter>
    </ClCompile>
  </ItemGroup>
  <ItemGroup>
    <ResourceCompile Include="C4IMap.rc">
      <Filter>Resource</Filter>
    </ResourceCompile>
  </ItemGroup>
  <ItemGroup>
    <Image Include="res\file_view.ico">
      <Filter>Resource</Filter>
    </Image>
    <Image Include="res\file_view_hc.ico">
      <Filter>Resource</Filter>
    </Image>
    <Image Include="res\class_view.ico">
      <Filter>Resource</Filter>
    </Image>
    <Image Include="res\class_view_hc.ico">
      <Filter>Resource</Filter>
    </Image>
    <Image Include="res\fileview.bmp">
      <Filter>Resource</Filter>
    </Image>
    <Image Include="res\fileview_hc.bmp">
      <Filter>Resource</Filter>
    </Image>
    <Image Include="res\classview.bmp">
      <Filter>Resource</Filter>
    </Image>
    <Image Include="res\classview_hc.bmp">
      <Filter>Resource</Filter>
    </Image>
    <Image Include="res\explorer.bmp">
      <Filter>Resource</Filter>
    </Image>
    <Image Include="res\explorer_hc.bmp">
      <Filter>Resource</Filter>
    </Image>
    <Image Include="res\sort.bmp">
      <Filter>Resource</Filter>
    </Image>
    <Image Include="res\sort_hc.bmp">
      <Filter>Resource</Filter>
    </Image>
    <Image Include="res\menuimages.bmp">
      <Filter>Resource</Filter>
    </Image>
    <Image Include="res\menuimages_hc.bmp">
      <Filter>Resource</Filter>
    </Image>
    <Image Include="res\output_wnd.ico">
      <Filter>Resource</Filter>
    </Image>
    <Image Include="res\output_wnd_hc.ico">
      <Filter>Resource</Filter>
    </Image>
    <Image Include="res\properties_wnd.ico">
      <Filter>Resource</Filter>
    </Image>
    <Image Include="res\properties_wnd_hc.ico">
      <Filter>Resource</Filter>
    </Image>
    <Image Include="res\properties.bmp">
      <Filter>Resource</Filter>
    </Image>
    <Image Include="res\properties_hc.bmp">
      <Filter>Resource</Filter>
    </Image>
    <Image Include="res\buttons.bmp">
      <Filter>Resource</Filter>
    </Image>
    <Image Include="res\filelarge.bmp">
      <Filter>Resource</Filter>
    </Image>
    <Image Include="res\filesmall.bmp">
      <Filter>Resource</Filter>
    </Image>
    <Image Include="res\main.bmp">
      <Filter>Resource</Filter>
    </Image>
    <Image Include="res\writelarge.bmp">
      <Filter>Resource</Filter>
    </Image>
    <Image Include="res\writesmall.bmp">
      <Filter>Resource</Filter>
    </Image>
    <Image Include="res\C4IMapDoc.ico">
      <Filter>Resource</Filter>
    </Image>
    <Image Include="res\C4IMap.ico">
      <Filter>Resource</Filter>
    </Image>
    <Image Include="res\Toolbar.bmp">
      <Filter>Resource</Filter>
    </Image>
    <Image Include="res\Toolbar256.bmp">
      <Filter>Resource</Filter>
    </Image>
    <Image Include="res\icon\선_on.bmp">
      <Filter>Resource</Filter>
    </Image>
    <Image Include="res\icon\곡선_on.bmp">
      <Filter>Resource</Filter>
    </Image>
    <Image Include="res\icon\연결선(꺽임곡선)_on.bmp">
      <Filter>Resource</Filter>
    </Image>
    <Image Include="res\icon\연결선(꺽임선)_on.bmp">
      <Filter>Resource</Filter>
    </Image>
    <Image Include="res\toolbar1.bmp">
      <Filter>Resource</Filter>
    </Image>
    <Image Include="res\bmp00001.bmp">
      <Filter>Resource</Filter>
    </Image>
    <Image Include="res\bitmap1.bmp">
      <Filter>Resource</Filter>
    </Image>
    <Image Include="res\sort_24.bmp">
      <Filter>Resource</Filter>
    </Image>
    <Image Include="res\class_vi.ico">
      <Filter>Resource</Filter>
    </Image>
    <Image Include="res\ico00001.ico">
      <Filter>Resource</Filter>
    </Image>
    <Image Include="res\ico00004.ico">
      <Filter>Resource</Filter>
    </Image>
    <Image Include="res\ico00005.ico">
      <Filter>Resource</Filter>
    </Image>
    <Image Include="res\ico00003.ico">
      <Filter>Resource</Filter>
    </Image>
    <Image Include="res\ico00002.ico">
      <Filter>Resource</Filter>
    </Image>
    <Image Include="res\info.bmp">
      <Filter>Resource</Filter>
    </Image>
    <Image Include="res\png1.png">
      <Filter>Resource</Filter>
    </Image>
    <Image Include="res\Ribonbar\View_Large.png">
      <Filter>Resource</Filter>
    </Image>
    <Image Include="res\Ribonbar\View_Small.png">
      <Filter>Resource</Filter>
    </Image>
    <Image Include="res\Ribonbar\Screen_small.png">
      <Filter>Resource</Filter>
    </Image>
    <Image Include="res\Ribonbar\Screen_Large.png">
      <Filter>Resource</Filter>
    </Image>
    <Image Include="res\Ribonbar\3DViewer.png">
      <Filter>Resource</Filter>
    </Image>
    <Image Include="res\Ribonbar\DrawShape_Large.png">
      <Filter>Resource</Filter>
    </Image>
    <Image Include="res\Ribonbar\DrawShape_Small.png">
      <Filter>Resource</Filter>
    </Image>
    <Image Include="res\Ribonbar\Overlay_Line.bmp">
      <Filter>Resource</Filter>
    </Image>
    <Image Include="res\Ribonbar\OverlayLineBow.bmp">
      <Filter>Resource</Filter>
    </Image>
    <Image Include="res\Ribonbar\OverlayLineDesh.bmp">
      <Filter>Resource</Filter>
    </Image>
    <Image Include="res\Ribonbar\OverlayLineWidth.bmp">
      <Filter>Resource</Filter>
    </Image>
    <Image Include="res\Ribonbar\Overlay_Rect.bmp">
      <Filter>Resource</Filter>
    </Image>
    <Image Include="res\Ribonbar\Overlay_Defatult.bmp">
      <Filter>Resource</Filter>
    </Image>
    <Image Include="res\Ribonbar\Palette2.bmp">
      <Filter>Resource</Filter>
    </Image>
    <Image Include="res\Ribonbar\font_tool.png">
      <Filter>Resource</Filter>
    </Image>
    <Image Include="res\Ribonbar\font_align.png">
      <Filter>Resource</Filter>
    </Image>
    <Image Include="res\Ribonbar\Analysis_Small.png">
      <Filter>Resource</Filter>
    </Image>
    <Image Include="res\Ribonbar\Analysis_Large.png">
      <Filter>Resource</Filter>
    </Image>
    <Image Include="res\ribonbar\font_ali.png">
      <Filter>Resource</Filter>
    </Image>
    <Image Include="..\LIBSrc\GeoDC\res\disconnect.png">
      <Filter>Resource</Filter>
    </Image>
    <Image Include="res\disconnect.png">
      <Filter>Resource</Filter>
    </Image>
    <Image Include="res\DockPanes\indexmap.bmp">
      <Filter>Resource</Filter>
    </Image>
    <Image Include="res\DockPanes\indexmap_24.bmp">
      <Filter>Resource</Filter>
    </Image>
    <Image Include="res\icon\타원_on.bmp">
      <Filter>Resource</Filter>
    </Image>
    <Image Include="res\icon\부채꼴_on.bmp">
      <Filter>Resource</Filter>
    </Image>
    <Image Include="res\icon\다각선_on.bmp">
      <Filter>Resource</Filter>
    </Image>
    <Image Include="res\icon\연결선_on.bmp">
      <Filter>Resource</Filter>
    </Image>
    <Image Include="res\icon\문자_on.bmp">
      <Filter>Resource</Filter>
    </Image>
    <Image Include="res\icon\그림_on.bmp">
      <Filter>Resource</Filter>
    </Image>
    <Image Include="res\icon\둥근사각형_on.bmp">
      <Filter>Resource</Filter>
    </Image>
    <Image Include="res\icon\삼각형_on.bmp">
      <Filter>Resource</Filter>
    </Image>
    <Image Include="res\icon\사각형_on.bmp">
      <Filter>Resource</Filter>
    </Image>
    <Image Include="res\icon\오각형_on.bmp">
      <Filter>Resource</Filter>
    </Image>
    <Image Include="res\icon\육각형_on.bmp">
      <Filter>Resource</Filter>
    </Image>
    <Image Include="res\icon\팔각형_on.bmp">
      <Filter>Resource</Filter>
    </Image>
    <Image Include="res\icon\도형격자_on.bmp">
      <Filter>Resource</Filter>
    </Image>
    <Image Include="res\icon\레이어창_on.bmp">
      <Filter>Resource</Filter>
    </Image>
    <Image Include="res\icon\다각형_on.bmp">
      <Filter>Resource</Filter>
    </Image>
    <Image Include="res\icon\마름모1.bmp">
      <Filter>Resource</Filter>
    </Image>
    <Image Include="res\icon\곡선.bmp">
      <Filter>Resource</Filter>
    </Image>
    <Image Include="res\icon\팔각형.bmp">
      <Filter>Resource</Filter>
    </Image>
    <Image Include="res\icon\타원.bmp">
      <Filter>Resource</Filter>
    </Image>
    <Image Include="res\icon\도형격자.bmp">
      <Filter>Resource</Filter>
    </Image>
    <Image Include="res\icon\그림.bmp">
      <Filter>Resource</Filter>
    </Image>
    <Image Include="res\icon\레이어창.bmp">
      <Filter>Resource</Filter>
    </Image>
    <Image Include="res\icon\선.bmp">
      <Filter>Resource</Filter>
    </Image>
    <Image Include="res\icon\연결선(꺽임곡선).bmp">
      <Filter>Resource</Filter>
    </Image>
    <Image Include="res\icon\연결선(꺽임선).bmp">
      <Filter>Resource</Filter>
    </Image>
    <Image Include="res\icon\연결선.bmp">
      <Filter>Resource</Filter>
    </Image>
    <Image Include="res\icon\오각형.bmp">
      <Filter>Resource</Filter>
    </Image>
    <Image Include="res\icon\부채꼴.bmp">
      <Filter>Resource</Filter>
    </Image>
    <Image Include="res\icon\다각형.bmp">
      <Filter>Resource</Filter>
    </Image>
    <Image Include="res\icon\다각선.bmp">
      <Filter>Resource</Filter>
    </Image>
    <Image Include="res\icon\사각형.bmp">
      <Filter>Resource</Filter>
    </Image>
    <Image Include="res\icon\둥근사각형.bmp">
      <Filter>Resource</Filter>
    </Image>
    <Image Include="res\icon\육각형.bmp">
      <Filter>Resource</Filter>
    </Image>
    <Image Include="res\icon\문자.bmp">
      <Filter>Resource</Filter>
    </Image>
    <Image Include="res\icon\삼각형.bmp">
      <Filter>Resource</Filter>
    </Image>
    <Image Include="res\icon\마름모_on.bmp">
      <Filter>Resource</Filter>
    </Image>
    <Image Include="res\icon\호.bmp">
      <Filter>Resource</Filter>
    </Image>
    <Image Include="res\icon\호_on.bmp">
      <Filter>Resource</Filter>
    </Image>
    <Image Include="res\DockPanes\mapview_tree.bmp">
      <Filter>Resource</Filter>
    </Image>
    <Image Include="res\DockPanes\mapview_tree_24.bmp">
      <Filter>Resource</Filter>
    </Image>
    <Image Include="res\DockPanes\maporder_list.bmp">
      <Filter>Resource</Filter>
    </Image>
    <Image Include="res\DockPanes\maporder_list_24.bmp">
      <Filter>Resource</Filter>
    </Image>
    <Image Include="res\DockPanes\tree_check.bmp">
      <Filter>Resource</Filter>
    </Image>
    <Image Include="res\DockPanes\overlay_toolbar.bmp">
      <Filter>Resource</Filter>
    </Image>
    <Image Include="res\DockPanes\overlay_toolbar_24.bmp">
      <Filter>Resource</Filter>
    </Image>
    <Image Include="res\DockPanes\overlay_tree_24.bmp">
      <Filter>Resource</Filter>
    </Image>
    <Image Include="res\DockPanes\overlay_tree.bmp">
      <Filter>Resource</Filter>
    </Image>
    <Image Include="res\button\over_right.bmp">
      <Filter>Resource</Filter>
    </Image>
    <Image Include="res\button\over_left.bmp">
      <Filter>Resource</Filter>
    </Image>
    <Image Include="res\button\over_center.bmp">
      <Filter>Resource</Filter>
    </Image>
    <Image Include="res\button\focus_right.bmp">
      <Filter>Resource</Filter>
    </Image>
    <Image Include="res\button\focus_left.bmp">
      <Filter>Resource</Filter>
    </Image>
    <Image Include="res\button\focus_center.bmp">
      <Filter>Resource</Filter>
    </Image>
    <Image Include="res\button\disable_right.bmp">
      <Filter>Resource</Filter>
    </Image>
    <Image Include="res\button\disable_left.bmp">
      <Filter>Resource</Filter>
    </Image>
    <Image Include="res\button\disable_center.bmp">
      <Filter>Resource</Filter>
    </Image>
    <Image Include="res\button\default_right.bmp">
      <Filter>Resource</Filter>
    </Image>
    <Image Include="res\button\default_left.bmp">
      <Filter>Resource</Filter>
    </Image>
    <Image Include="res\button\default_center.bmp">
      <Filter>Resource</Filter>
    </Image>
    <Image Include="res\button\click_right.bmp">
      <Filter>Resource</Filter>
    </Image>
    <Image Include="res\button\click_left.bmp">
      <Filter>Resource</Filter>
    </Image>
    <Image Include="res\button\click_center.bmp">
      <Filter>Resource</Filter>
    </Image>
    <Image Include="res\ButtonBitmap\move_left.bmp">
      <Filter>Resource</Filter>
    </Image>
    <Image Include="res\ButtonBitmap\move_left_click.bmp">
      <Filter>Resource</Filter>
    </Image>
    <Image Include="res\ButtonBitmap\move_right.bmp">
      <Filter>Resource</Filter>
    </Image>
    <Image Include="res\ButtonBitmap\move_right_click.bmp">
      <Filter>Resource</Filter>
    </Image>
  </ItemGroup>
  <ItemGroup>
    <None Include="res\ribbon.mfcribbon-ms">
      <Filter>Resource</Filter>
    </None>
    <None Include="res\C4IMap.rc2">
      <Filter>Resource</Filter>
    </None>
    <None Include="res\cursor1.cur">
      <Filter>Resource</Filter>
    </None>
    <None Include="res\cursor\00_default.cur">
      <Filter>Resource</Filter>
    </None>
    <None Include="res\cursor\01_zoomin.cur">
      <Filter>Resource</Filter>
    </None>
    <None Include="res\cursor\02_zoomout.cur">
      <Filter>Resource</Filter>
    </None>
    <None Include="res\cursor\03_panning.cur">
      <Filter>Resource</Filter>
    </None>
    <None Include="res\cursor\04_rotate.cur">
      <Filter>Resource</Filter>
    </None>
    <None Include="res\cursor\05_search_rect.cur">
      <Filter>Resource</Filter>
    </None>
    <None Include="res\cursor\05_search_point.cur">
      <Filter>Resource</Filter>
    </None>
    <None Include="res\cursor\05_search_circle.cur">
      <Filter>Resource</Filter>
    </None>
    <None Include="res\cursor\05_search_polygon.cur">
      <Filter>Resource</Filter>
    </None>
    <None Include="res\cursor\06_length.cur">
      <Filter>Resource</Filter>
    </None>
    <None Include="res\cursor\07_area.cur">
      <Filter>Resource</Filter>
    </None>
    <None Include="res\cursor\08_section.cur">
      <Filter>Resource</Filter>
    </None>
    <None Include="res\cursor\09_visible.cur">
      <Filter>Resource</Filter>
    </None>
    <None Include="res\cursor\10_Terrain.cur">
      <Filter>Resource</Filter>
    </None>
    <None Include="res\cursor\14_CoordCapture.cur">
      <Filter>Resource</Filter>
    </None>
  </ItemGroup>
</Project>